Microsoft Visual Studio Solution File, Format Version 12.00
# Visual Studio Version 17
VisualStudioVersion = 17.5.2.0
MinimumVisualStudioVersion = 10.0.40219.1
Project("{FAE04EC0-301F-11D3-BF4B-00C04F79EFBC}") = "TaskCo.Api", "TaskCo.Api.csproj", "{8CE068B2-4458-F597-B5C7-B5BF2A908558}"
EndProject
Global
	GlobalSection(SolutionConfigurationPlatforms) = preSolution
		Debug|Any CPU = Debug|Any CPU
		Release|Any CPU = Release|Any CPU
	EndGlobalSection
	GlobalSection(ProjectConfigurationPlatforms) = postSolution
		{8CE068B2-4458-F597-B5C7-B5BF2A908558}.Debug|Any CPU.ActiveCfg = Debug|Any CPU
		{8CE068B2-4458-F597-B5C7-B5BF2A908558}.Debug|Any CPU.Build.0 = Debug|Any CPU
		{8CE068B2-4458-F597-B5C7-B5BF2A908558}.Release|Any CPU.ActiveCfg = Release|Any CPU
		{8CE068B2-4458-F597-B5C7-B5BF2A908558}.Release|Any CPU.Build.0 = Release|Any CPU
	EndGlobalSection
	GlobalSection(SolutionProperties) = preSolution
		HideSolutionNode = FALSE
	EndGlobalSection
	GlobalSection(ExtensibilityGlobals) = postSolution
		SolutionGuid = {ED5D8720-C1A3-4226-B435-7DA4B3B50CDA}
	EndGlobalSection
EndGlobal
